PODS:
  - Nimble (10.0.0)
  - pythonKit (0.1.0)
  - Quick (2.2.1)

DEPENDENCIES:
  - Nimble (~> 10.0.0)
  - pythonKit (from `../`)
  - Quick (~> 2.2.0)

SPEC REPOS:
  trunk:
    - Nimble
    - Quick

EXTERNAL SOURCES:
  pythonKit:
    :path: "../"

SPEC CHECKSUMS:
  Nimble: 5316ef81a170ce87baf72dd961f22f89a602ff84
  pythonKit: 482d9315d854fabe79cfb15b1190f78b36628c6e
  Quick: f5754d69b7013f5864c29aab9ae6f0c79c5bc200

PODFILE CHECKSUM: cfb46aaf8cfd4104765b19158e51c469e284a987

COCOAPODS: 1.12.1
